
Microsoft Visual Studio Solution File, Format Version 12.00
# Visual Studio 15
VisualStudioVersion = 15.0.28010.2019
MinimumVisualStudioVersion = 10.0.40219.1
Project("{8BC9CEB8-8B4A-11D0-8D11-00A0C91BC942}") = "Eti24_10_2018", "Eti24_10_2018\Eti24_10_2018.vcxproj", "{A45FE32B-7290-4083-950B-C5DE05EF6D76}"
EndProject
Global
	GlobalSection(SolutionConfigurationPlatforms) = preSolution
		Debug|x64 = Debug|x64
		Debug|x86 = Debug|x86
		Release|x64 = Release|x64
		Release|x86 = Release|x86
	EndGlobalSection
	GlobalSection(ProjectConfigurationPlatforms) = postSolution
		{A45FE32B-7290-4083-950B-C5DE05EF6D76}.Debug|x64.ActiveCfg = Debug|x64
		{A45FE32B-7290-4083-950B-C5DE05EF6D76}.Debug|x64.Build.0 = Debug|x64
		{A45FE32B-7290-4083-950B-C5DE05EF6D76}.Debug|x86.ActiveCfg = Debug|Win32
		{A45FE32B-7290-4083-950B-C5DE05EF6D76}.Debug|x86.Build.0 = Debug|Win32
		{A45FE32B-7290-4083-950B-C5DE05EF6D76}.Release|x64.ActiveCfg = Release|x64
		{A45FE32B-7290-4083-950B-C5DE05EF6D76}.Release|x64.Build.0 = Release|x64
		{A45FE32B-7290-4083-950B-C5DE05EF6D76}.Release|x86.ActiveCfg = Release|Win32
		{A45FE32B-7290-4083-950B-C5DE05EF6D76}.Release|x86.Build.0 = Release|Win32
	EndGlobalSection
	GlobalSection(SolutionProperties) = preSolution
		HideSolutionNode = FALSE
	EndGlobalSection
	GlobalSection(ExtensibilityGlobals) = postSolution
		SolutionGuid = {C1066A4E-61BA-40A6-87F9-C5B0987A89A9}
	EndGlobalSection
EndGlobal
